
Microsoft Visual Studio Solution File, Format Version 12.00
# Visual Studio Version 16
VisualStudioVersion = 16.0.29613.14
MinimumVisualStudioVersion = 10.0.40219.1
Project("{FAE04EC0-301F-11D3-BF4B-00C04F79EFBC}") = "ModelValidations", "ModelValidations.csproj", "{F4C88695-B0BE-4A37-B7E3-3292A2F99A04}"
EndProject
Global
	GlobalSection(SolutionConfigurationPlatforms) = preSolution
		Debug|Any CPU = Debug|Any CPU
		Release|Any CPU = Release|Any CPU
	EndGlobalSection
	GlobalSection(ProjectConfigurationPlatforms) = postSolution
		{F4C88695-B0BE-4A37-B7E3-3292A2F99A04}.Debug|Any CPU.ActiveCfg = Debug|Any CPU
		{F4C88695-B0BE-4A37-B7E3-3292A2F99A04}.Debug|Any CPU.Build.0 = Debug|Any CPU
		{F4C88695-B0BE-4A37-B7E3-3292A2F99A04}.Release|Any CPU.ActiveCfg = Release|Any CPU
		{F4C88695-B0BE-4A37-B7E3-3292A2F99A04}.Release|Any CPU.Build.0 = Release|Any CPU
	EndGlobalSection
	GlobalSection(SolutionProperties) = preSolution
		HideSolutionNode = FALSE
	EndGlobalSection
	GlobalSection(ExtensibilityGlobals) = postSolution
		SolutionGuid = {A4692A6E-7647-4121-8CCE-DD2379761FB4}
	EndGlobalSection
EndGlobal
